// !$*UTF8*$!
{
	archiveVersion = 1;
	classes = {
	};
	objectVersion = 50;
	objects = {

/* Begin PBXBuildFile section */
		E23B699F25D66223004E122E /* NBAPlayersApp.swift in Sources */ = {isa = PBXBuildFile; fileRef = E23B699E25D66223004E122E /* NBAPlayersApp.swift */; };
		E23B69A125D66223004E122E /* PlayerDetail.swift in Sources */ = {isa = PBXBuildFile; fileRef = E23B69A025D66223004E122E /* PlayerDetail.swift */; };
		E23B69A325D66225004E122E /* Assets.xcassets in Resources */ = {isa = PBXBuildFile; fileRef = E23B69A225D66225004E122E /* Assets.xcassets */; };
		E23B69A625D66225004E122E /* Preview Assets.xcassets in Resources */ = {isa = PBXBuildFile; fileRef = E23B69A525D66225004E122E /* Preview Assets.xcassets */; };
		E23B69AF25D662D8004E122E /* Player.swift in Sources */ = {isa = PBXBuildFile; fileRef = E23B69AE25D662D8004E122E /* Player.swift */; };
		E23B69B225D6697A004E122E /* StatText.swift in Sources */ = {isa = PBXBuildFile; fileRef = E23B69B125D6697A004E122E /* StatText.swift */; };
		E23B69B525D66C36004E122E /* PlayerRow.swift in Sources */ = {isa = PBXBuildFile; fileRef = E23B69B425D66C36004E122E /* PlayerRow.swift */; };
		E23B69B825D66EE9004E122E /* PlayerList.swift in Sources */ = {isa = PBXBuildFile; fileRef = E23B69B725D66EE9004E122E /* PlayerList.swift */; };
/* End PBXBuildFile section */

/* Begin PBXFileReference section */
		E23B699B25D66223004E122E /* NBAPlayers.app */ = {isa = PBXFileReference; explicitFileType = wrapper.application; includeInIndex = 0; path = NBAPlayers.app; sourceTree = BUILT_PRODUCTS_DIR; };
		E23B699E25D66223004E122E /* NBAPlayersApp.swift */ = {isa = PBXFileReference; lastKnownFileType = sourcecode.swift; path = NBAPlayersApp.swift; sourceTree = "<group>"; };
		E23B69A025D66223004E122E /* PlayerDetail.swift */ = {isa = PBXFileReference; lastKnownFileType = sourcecode.swift; path = PlayerDetail.swift; sourceTree = "<group>"; };
		E23B69A225D66225004E122E /* Assets.xcassets */ = {isa = PBXFileReference; lastKnownFileType = folder.assetcatalog; path = Assets.xcassets; sourceTree = "<group>"; };
		E23B69A525D66225004E122E /* Preview Assets.xcassets */ = {isa = PBXFileReference; lastKnownFileType = folder.assetcatalog; path = "Preview Assets.xcassets"; sourceTree = "<group>"; };
		E23B69A725D66225004E122E /* Info.plist */ = {isa = PBXFileReference; lastKnownFileType = text.plist.xml; path = Info.plist; sourceTree = "<group>"; };
		E23B69AE25D662D8004E122E /* Player.swift */ = {isa = PBXFileReference; fileEncoding = 4; lastKnownFileType = sourcecode.swift; path = Player.swift; sourceTree = "<group>"; };
		E23B69B125D6697A004E122E /* StatText.swift */ = {isa = PBXFileReference; lastKnownFileType = sourcecode.swift; path = StatText.swift; sourceTree = "<group>"; };
		E23B69B425D66C36004E122E /* PlayerRow.swift */ = {isa = PBXFileReference; lastKnownFileType = sourcecode.swift; path = PlayerRow.swift; sourceTree = "<group>"; };
		E23B69B725D66EE9004E122E /* PlayerList.swift */ = {isa = PBXFileReference; lastKnownFileType = sourcecode.swift; path = PlayerList.swift; sourceTree = "<group>"; };
/* End PBXFileReference section */

/* Begin PBXFrameworksBuildPhase section */
		E23B699825D66223004E122E /* Frameworks */ = {
			isa = PBXFrameworksBuildPhase;
			buildActionMask = 2147483647;
			files = (
			);
			runOnlyForDeploymentPostprocessing = 0;
		};
/* End PBXFrameworksBuildPhase section */

/* Begin PBXGroup section */
		E23B699225D66223004E122E = {
			isa = PBXGroup;
			children = (
				E23B699D25D66223004E122E /* NBAPlayers */,
				E23B699C25D66223004E122E /* Products */,
			);
			sourceTree = "<group>";
		};
		E23B699C25D66223004E122E /* Products */ = {
			isa = PBXGroup;
			children = (
				E23B699B25D66223004E122E /* NBAPlayers.app */,
			);
			name = Products;
			sourceTree = "<group>";
		};
		E23B699D25D66223004E122E /* NBAPlayers */ = {
			isa = PBXGroup;
			children = (
				E23B699E25D66223004E122E /* NBAPlayersApp.swift */,
				E23B69A025D66223004E122E /* PlayerDetail.swift */,
				E23B69B425D66C36004E122E /* PlayerRow.swift */,
				E23B69B725D66EE9004E122E /* PlayerList.swift */,
				E23B69B125D6697A004E122E /* StatText.swift */,
				E23B69AE25D662D8004E122E /* Player.swift */,
				E23B69A225D66225004E122E /* Assets.xcassets */,
				E23B69A725D66225004E122E /* Info.plist */,
				E23B69A425D66225004E122E /* Preview Content */,
			);
			path = NBAPlayers;
			sourceTree = "<group>";
		};
		E23B69A425D66225004E122E /* Preview Content */ = {
			isa = PBXGroup;
			children = (
				E23B69A525D66225004E122E /* Preview Assets.xcassets */,
			);
			path = "Preview Content";
			sourceTree = "<group>";
		};
/* End PBXGroup section */

/* Begin PBXNativeTarget section */
		E23B699A25D66223004E122E /* NBAPlayers */ = {
			isa = PBXNativeTarget;
			buildConfigurationList = E23B69AA25D66225004E122E /* Build configuration list for PBXNativeTarget "NBAPlayers" */;
			buildPhases = (
				E23B699725D66223004E122E /* Sources */,
				E23B699825D66223004E122E /* Frameworks */,
				E23B699925D66223004E122E /* Resources */,
			);
			buildRules = (
			);
			dependencies = (
			);
			name = NBAPlayers;
			productName = NBAPlayers;
			productReference = E23B699B25D66223004E122E /* NBAPlayers.app */;
			productType = "com.apple.product-type.application";
		};
/* End PBXNativeTarget section */

/* Begin PBXProject section */
		E23B699325D66223004E122E /* Project object */ = {
			isa = PBXProject;
			attributes = {
				LastSwiftUpdateCheck = 1240;
				LastUpgradeCheck = 1240;
				TargetAttributes = {
					E23B699A25D66223004E122E = {
						CreatedOnToolsVersion = 12.4;
					};
				};
			};
			buildConfigurationList = E23B699625D66223004E122E /* Build configuration list for PBXProject "NBAPlayers" */;
			compatibilityVersion = "Xcode 9.3";
			developmentRegion = en;
			hasScannedForEncodings = 0;
			knownRegions = (
				en,
				Base,
			);
			mainGroup = E23B699225D66223004E122E;
			productRefGroup = E23B699C25D66223004E122E /* Products */;
			projectDirPath = "";
			projectRoot = "";
			targets = (
				E23B699A25D66223004E122E /* NBAPlayers */,
			);
		};
/* End PBXProject section */

/* Begin PBXResourcesBuildPhase section */
		E23B699925D66223004E122E /* Resources */ = {
			isa = PBXResourcesBuildPhase;
			buildActionMask = 2147483647;
			files = (
				E23B69A625D66225004E122E /* Preview Assets.xcassets in Resources */,
				E23B69A325D66225004E122E /* Assets.xcassets in Resources */,
			);
			runOnlyForDeploymentPostprocessing = 0;
		};
/* End PBXResourcesBuildPhase section */

/* Begin PBXSourcesBuildPhase section */
		E23B699725D66223004E122E /* Sources */ = {
			isa = PBXSourcesBuildPhase;
			buildActionMask = 2147483647;
			files = (
				E23B69A125D66223004E122E /* PlayerDetail.swift in Sources */,
				E23B69AF25D662D8004E122E /* Player.swift in Sources */,
				E23B69B225D6697A004E122E /* StatText.swift in Sources */,
				E23B69B525D66C36004E122E /* PlayerRow.swift in Sources */,
				E23B69B825D66EE9004E122E /* PlayerList.swift in Sources */,
				E23B699F25D66223004E122E /* NBAPlayersApp.swift in Sources */,
			);
			runOnlyForDeploymentPostprocessing = 0;
		};
/* End PBXSourcesBuildPhase section */

/* Begin XCBuildConfiguration section */
		E23B69A825D66225004E122E /* Debug */ = {
			isa = XCBuildConfiguration;
			buildSettings = {
				ALWAYS_SEARCH_USER_PATHS = NO;
				CLANG_ANALYZER_NONNULL = YES;
				CLANG_ANALYZER_NUMBER_OBJECT_CONVERSION = YES_AGGRESSIVE;
				CLANG_CXX_LANGUAGE_STANDARD = "gnu++14";
				CLANG_CXX_LIBRARY = "libc++";
				CLANG_ENABLE_MODULES = YES;
				CLANG_ENABLE_OBJC_ARC = YES;
				CLANG_ENABLE_OBJC_WEAK = YES;
				CLANG_WARN_BLOCK_CAPTURE_AUTORELEASING = YES;
				CLANG_WARN_BOOL_CONVERSION = YES;
				CLANG_WARN_COMMA = YES;
				CLANG_WARN_CONSTANT_CONVERSION = YES;
				CLANG_WARN_DEPRECATED_OBJC_IMPLEMENTATIONS = YES;
				CLANG_WARN_DIRECT_OBJC_ISA_USAGE = YES_ERROR;
				CLANG_WARN_DOCUMENTATION_COMMENTS = YES;
				CLANG_WARN_EMPTY_BODY = YES;
				CLANG_WARN_ENUM_CONVERSION = YES;
				CLANG_WARN_INFINITE_RECURSION = YES;
				CLANG_WARN_INT_CONVERSION = YES;
				CLANG_WARN_NON_LITERAL_NULL_CONVERSION = YES;
				CLANG_WARN_OBJC_IMPLICIT_RETAIN_SELF = YES;
				CLANG_WARN_OBJC_LITERAL_CONVERSION = YES;
				CLANG_WARN_OBJC_ROOT_CLASS = YES_ERROR;
				CLANG_WARN_QUOTED_INCLUDE_IN_FRAMEWORK_HEADER = YES;
				CLANG_WARN_RANGE_LOOP_ANALYSIS = YES;
				CLANG_WARN_STRICT_PROTOTYPES = YES;
				CLANG_WARN_SUSPICIOUS_MOVE = YES;
				CLANG_WARN_UNGUARDED_AVAILABILITY = YES_AGGRESSIVE;
				CLANG_WARN_UNREACHABLE_CODE = YES;
				CLANG_WARN__DUPLICATE_METHOD_MATCH = YES;
				COPY_PHASE_STRIP = NO;
				DEBUG_INFORMATION_FORMAT = dwarf;
				ENABLE_STRICT_OBJC_MSGSEND = YES;
				ENABLE_TESTABILITY = YES;
				GCC_C_LANGUAGE_STANDARD = gnu11;
				GCC_DYNAMIC_NO_PIC = NO;
				GCC_NO_COMMON_BLOCKS = YES;
				GCC_OPTIMIZATION_LEVEL = 0;
				GCC_PREPROCESSOR_DEFINITIONS = (
					"DEBUG=1",
					"$(inherited)",
				);
				GCC_WARN_64_TO_32_BIT_CONVERSION = YES;
				GCC_WARN_ABOUT_RETURN_TYPE = YES_ERROR;
				GCC_WARN_UNDECLARED_SELECTOR = YES;
				GCC_WARN_UNINITIALIZED_AUTOS = YES_AGGRESSIVE;
				GCC_WARN_UNUSED_FUNCTION = YES;
				GCC_WARN_UNUSED_VARIABLE = YES;
				IPHONEOS_DEPLOYMENT_TARGET = 14.4;
				MTL_ENABLE_DEBUG_INFO = INCLUDE_SOURCE;
				MTL_FAST_MATH = YES;
				ONLY_ACTIVE_ARCH = YES;
				SDKROOT = iphoneos;
				SWIFT_ACTIVE_COMPILATION_CONDITIONS = DEBUG;
				SWIFT_OPTIMIZATION_LEVEL = "-Onone";
			};
			name = Debug;
		};
		E23B69A925D66225004E122E /* Release */ = {
			isa = XCBuildConfiguration;
			buildSettings = {
				ALWAYS_SEARCH_USER_PATHS = NO;
				CLANG_ANALYZER_NONNULL = YES;
				CLANG_ANALYZER_NUMBER_OBJECT_CONVERSION = YES_AGGRESSIVE;
				CLANG_CXX_LANGUAGE_STANDARD = "gnu++14";
				CLANG_CXX_LIBRARY = "libc++";
				CLANG_ENABLE_MODULES = YES;
				CLANG_ENABLE_OBJC_ARC = YES;
				CLANG_ENABLE_OBJC_WEAK = YES;
				CLANG_WARN_BLOCK_CAPTURE_AUTORELEASING = YES;
				CLANG_WARN_BOOL_CONVERSION = YES;
				CLANG_WARN_COMMA = YES;
				CLANG_WARN_CONSTANT_CONVERSION = YES;
				CLANG_WARN_DEPRECATED_OBJC_IMPLEMENTATIONS = YES;
				CLANG_WARN_DIRECT_OBJC_ISA_USAGE = YES_ERROR;
				CLANG_WARN_DOCUMENTATION_COMMENTS = YES;
				CLANG_WARN_EMPTY_BODY = YES;
				CLANG_WARN_ENUM_CONVERSION = YES;
				CLANG_WARN_INFINITE_RECURSION = YES;
				CLANG_WARN_INT_CONVERSION = YES;
				CLANG_WARN_NON_LITERAL_NULL_CONVERSION = YES;
				CLANG_WARN_OBJC_IMPLICIT_RETAIN_SELF = YES;
				CLANG_WARN_OBJC_LITERAL_CONVERSION = YES;
				CLANG_WARN_OBJC_ROOT_CLASS = YES_ERROR;
				CLANG_WARN_QUOTED_INCLUDE_IN_FRAMEWORK_HEADER = YES;
				CLANG_WARN_RANGE_LOOP_ANALYSIS = YES;
				CLANG_WARN_STRICT_PROTOTYPES = YES;
				CLANG_WARN_SUSPICIOUS_MOVE = YES;
				CLANG_WARN_UNGUARDED_AVAILABILITY = YES_AGGRESSIVE;
				CLANG_WARN_UNREACHABLE_CODE = YES;
				CLANG_WARN__DUPLICATE_METHOD_MATCH = YES;
				COPY_PHASE_STRIP = NO;
				DEBUG_INFORMATION_FORMAT = "dwarf-with-dsym";
				ENABLE_NS_ASSERTIONS = NO;
				ENABLE_STRICT_OBJC_MSGSEND = YES;
				GCC_C_LANGUAGE_STANDARD = gnu11;
				GCC_NO_COMMON_BLOCKS = YES;
				GCC_WARN_64_TO_32_BIT_CONVERSION = YES;
				GCC_WARN_ABOUT_RETURN_TYPE = YES_ERROR;
				GCC_WARN_UNDECLARED_SELECTOR = YES;
				GCC_WARN_UNINITIALIZED_AUTOS = YES_AGGRESSIVE;
				GCC_WARN_UNUSED_FUNCTION = YES;
				GCC_WARN_UNUSED_VARIABLE = YES;
				IPHONEOS_DEPLOYMENT_TARGET = 14.4;
				MTL_ENABLE_DEBUG_INFO = NO;
				MTL_FAST_MATH = YES;
				SDKROOT = iphoneos;
				SWIFT_COMPILATION_MODE = wholemodule;
				SWIFT_OPTIMIZATION_LEVEL = "-O";
				VALIDATE_PRODUCT = YES;
			};
			name = Release;
		};
		E23B69AB25D66225004E122E /* Debug */ = {
			isa = XCBuildConfiguration;
			buildSettings = {
				ASSETCATALOG_COMPILER_APPICON_NAME = AppIcon;
				ASSETCATALOG_COMPILER_GLOBAL_ACCENT_COLOR_NAME = AccentColor;
				CODE_SIGN_STYLE = Automatic;
				DEVELOPMENT_ASSET_PATHS = "\"NBAPlayers/Preview Content\"";
				ENABLE_PREVIEWS = YES;
				INFOPLIST_FILE = NBAPlayers/Info.plist;
				IPHONEOS_DEPLOYMENT_TARGET = 14.0;
				LD_RUNPATH_SEARCH_PATHS = (
					"$(inherited)",
					"@executable_path/Frameworks",
				);
				PRODUCT_BUNDLE_IDENTIFIER = com.ugozeal.NBAPlayers;
				PRODUCT_NAME = "$(TARGET_NAME)";
				SWIFT_VERSION = 5.0;
				TARGETED_DEVICE_FAMILY = "1,2";
			};
			name = Debug;
		};
		E23B69AC25D66225004E122E /* Release */ = {
			isa = XCBuildConfiguration;
			buildSettings = {
				ASSETCATALOG_COMPILER_APPICON_NAME = AppIcon;
				ASSETCATALOG_COMPILER_GLOBAL_ACCENT_COLOR_NAME = AccentColor;
				CODE_SIGN_STYLE = Automatic;
				DEVELOPMENT_ASSET_PATHS = "\"NBAPlayers/Preview Content\"";
				ENABLE_PREVIEWS = YES;
				INFOPLIST_FILE = NBAPlayers/Info.plist;
				IPHONEOS_DEPLOYMENT_TARGET = 14.0;
				LD_RUNPATH_SEARCH_PATHS = (
					"$(inherited)",
					"@executable_path/Frameworks",
				);
				PRODUCT_BUNDLE_IDENTIFIER = com.ugozeal.NBAPlayers;
				PRODUCT_NAME = "$(TARGET_NAME)";
				SWIFT_VERSION = 5.0;
				TARGETED_DEVICE_FAMILY = "1,2";
			};
			name = Release;
		};
/* End XCBuildConfiguration section */

/* Begin XCConfigurationList section */
		E23B699625D66223004E122E /* Build configuration list for PBXProject "NBAPlayers" */ = {
			isa = XCConfigurationList;
			buildConfigurations = (
				E23B69A825D66225004E122E /* Debug */,
				E23B69A925D66225004E122E /* Release */,
			);
			defaultConfigurationIsVisible = 0;
			defaultConfigurationName = Release;
		};
		E23B69AA25D66225004E122E /* Build configuration list for PBXNativeTarget "NBAPlayers" */ = {
			isa = XCConfigurationList;
			buildConfigurations = (
				E23B69AB25D66225004E122E /* Debug */,
				E23B69AC25D66225004E122E /* Release */,
			);
			defaultConfigurationIsVisible = 0;
			defaultConfigurationName = Release;
		};
/* End XCConfigurationList section */
	};
	rootObject = E23B699325D66223004E122E /* Project object */;
}
